
Microsoft Visual Studio Solution File, Format Version 12.00
# Visual Studio Version 17
VisualStudioVersion = 17.0.31903.59
MinimumVisualStudioVersion = 10.0.40219.1
Project("{9A19103F-16F7-4668-BE54-9A1E7A4F7556}") = "GraphQL", "GraphQL\GraphQL.csproj", "{57E40574-81FF-45A2-AB44-6BAC2F750AE2}"
EndProject
Project("{9A19103F-16F7-4668-BE54-9A1E7A4F7556}") = "GraphQL.Entities", "GraphQL.Entities\GraphQL.Entities.csproj", "{3E5D762A-9B51-4C5A-9E22-283EF2B0B18B}"
EndProject
Project("{9A19103F-16F7-4668-BE54-9A1E7A4F7556}") = "GraphQL.Repository", "GraphQL.Repository\GraphQL.Repository.csproj", "{D0C50FDE-86CE-4AA5-A20F-52C4F3012068}"
EndProject
Project("{FAE04EC0-301F-11D3-BF4B-00C04F79EFBC}") = "GraphQL.Shared", "GraphQL.Shared\GraphQL.Shared.csproj", "{AD0C4368-833F-4AF3-913F-FB8F9C95CFCC}"
EndProject
Global
	GlobalSection(SolutionConfigurationPlatforms) = preSolution
		Debug|Any CPU = Debug|Any CPU
		Release|Any CPU = Release|Any CPU
	EndGlobalSection
	GlobalSection(ProjectConfigurationPlatforms) = postSolution
		{57E40574-81FF-45A2-AB44-6BAC2F750AE2}.Debug|Any CPU.ActiveCfg = Debug|Any CPU
		{57E40574-81FF-45A2-AB44-6BAC2F750AE2}.Debug|Any CPU.Build.0 = Debug|Any CPU
		{57E40574-81FF-45A2-AB44-6BAC2F750AE2}.Release|Any CPU.ActiveCfg = Release|Any CPU
		{57E40574-81FF-45A2-AB44-6BAC2F750AE2}.Release|Any CPU.Build.0 = Release|Any CPU
		{3E5D762A-9B51-4C5A-9E22-283EF2B0B18B}.Debug|Any CPU.ActiveCfg = Debug|Any CPU
		{3E5D762A-9B51-4C5A-9E22-283EF2B0B18B}.Debug|Any CPU.Build.0 = Debug|Any CPU
		{3E5D762A-9B51-4C5A-9E22-283EF2B0B18B}.Release|Any CPU.ActiveCfg = Release|Any CPU
		{3E5D762A-9B51-4C5A-9E22-283EF2B0B18B}.Release|Any CPU.Build.0 = Release|Any CPU
		{D0C50FDE-86CE-4AA5-A20F-52C4F3012068}.Debug|Any CPU.ActiveCfg = Debug|Any CPU
		{D0C50FDE-86CE-4AA5-A20F-52C4F3012068}.Debug|Any CPU.Build.0 = Debug|Any CPU
		{D0C50FDE-86CE-4AA5-A20F-52C4F3012068}.Release|Any CPU.ActiveCfg = Release|Any CPU
		{D0C50FDE-86CE-4AA5-A20F-52C4F3012068}.Release|Any CPU.Build.0 = Release|Any CPU
		{AD0C4368-833F-4AF3-913F-FB8F9C95CFCC}.Debug|Any CPU.ActiveCfg = Debug|Any CPU
		{AD0C4368-833F-4AF3-913F-FB8F9C95CFCC}.Debug|Any CPU.Build.0 = Debug|Any CPU
		{AD0C4368-833F-4AF3-913F-FB8F9C95CFCC}.Release|Any CPU.ActiveCfg = Release|Any CPU
		{AD0C4368-833F-4AF3-913F-FB8F9C95CFCC}.Release|Any CPU.Build.0 = Release|Any CPU
	EndGlobalSection
	GlobalSection(SolutionProperties) = preSolution
		HideSolutionNode = FALSE
	EndGlobalSection
	GlobalSection(ExtensibilityGlobals) = postSolution
		SolutionGuid = {3A0F6CB0-7860-4104-B389-9EA9432A2231}
	EndGlobalSection
EndGlobal
